
Microsoft Visual Studio Solution File, Format Version 12.00
# Visual Studio Version 17
VisualStudioVersion = 17.0.31903.59
MinimumVisualStudioVersion = 10.0.40219.1
Project("{FAE04EC0-301F-11D3-BF4B-00C04F79EFBC}") = "Assignment", "Assignement\Assignment.csproj", "{96D3C7B1-06FD-4F15-81AD-EDF0F4771187}"
EndProject
Project("{FAE04EC0-301F-11D3-BF4B-00C04F79EFBC}") = "Models", "Models\Models.csproj", "{4537C924-069E-4E09-B424-98E6FB43856D}"
EndProject
Project("{FAE04EC0-301F-11D3-BF4B-00C04F79EFBC}") = "FileParser", "FileParser\FileParser.csproj", "{EC455BEC-24A0-4485-9DA3-860018E22C90}"
EndProject
Global
	GlobalSection(SolutionConfigurationPlatforms) = preSolution
		Debug|Any CPU = Debug|Any CPU
		Release|Any CPU = Release|Any CPU
	EndGlobalSection
	GlobalSection(ProjectConfigurationPlatforms) = postSolution
		{96D3C7B1-06FD-4F15-81AD-EDF0F4771187}.Debug|Any CPU.ActiveCfg = Debug|Any CPU
		{96D3C7B1-06FD-4F15-81AD-EDF0F4771187}.Debug|Any CPU.Build.0 = Debug|Any CPU
		{96D3C7B1-06FD-4F15-81AD-EDF0F4771187}.Release|Any CPU.ActiveCfg = Release|Any CPU
		{96D3C7B1-06FD-4F15-81AD-EDF0F4771187}.Release|Any CPU.Build.0 = Release|Any CPU
		{4537C924-069E-4E09-B424-98E6FB43856D}.Debug|Any CPU.ActiveCfg = Debug|Any CPU
		{4537C924-069E-4E09-B424-98E6FB43856D}.Debug|Any CPU.Build.0 = Debug|Any CPU
		{4537C924-069E-4E09-B424-98E6FB43856D}.Release|Any CPU.ActiveCfg = Release|Any CPU
		{4537C924-069E-4E09-B424-98E6FB43856D}.Release|Any CPU.Build.0 = Release|Any CPU
		{EC455BEC-24A0-4485-9DA3-860018E22C90}.Debug|Any CPU.ActiveCfg = Debug|Any CPU
		{EC455BEC-24A0-4485-9DA3-860018E22C90}.Debug|Any CPU.Build.0 = Debug|Any CPU
		{EC455BEC-24A0-4485-9DA3-860018E22C90}.Release|Any CPU.ActiveCfg = Release|Any CPU
		{EC455BEC-24A0-4485-9DA3-860018E22C90}.Release|Any CPU.Build.0 = Release|Any CPU
	EndGlobalSection
	GlobalSection(SolutionProperties) = preSolution
		HideSolutionNode = FALSE
	EndGlobalSection
	GlobalSection(ExtensibilityGlobals) = postSolution
		SolutionGuid = {DD8C22A5-D7EA-4139-B15F-609D3AFD1C40}
	EndGlobalSection
EndGlobal
